// !$*UTF8*$!
{
	archiveVersion = 1;
	classes = {
	};
	objectVersion = 56;
	objects = {

/* Begin PBXBuildFile section */
		CC99D395296B25A100E116F6 /* Item+CoreDataClass.swift in Sources */ = {isa = PBXBuildFile; fileRef = CC99D393296B25A100E116F6 /* Item+CoreDataClass.swift */; };
		CC99D396296B25A100E116F6 /* Item+CoreDataProperties.swift in Sources */ = {isa = PBXBuildFile; fileRef = CC99D394296B25A100E116F6 /* Item+CoreDataProperties.swift */; };
		CC99D399296B3D9300E116F6 /* ItemDataPersistenceManager.swift in Sources */ = {isa = PBXBuildFile; fileRef = CC99D398296B3D9300E116F6 /* ItemDataPersistenceManager.swift */; };
		CC99D39B296C634B00E116F6 /* ShoppingTableViewCell.swift in Sources */ = {isa = PBXBuildFile; fileRef = CC99D39A296C634B00E116F6 /* ShoppingTableViewCell.swift */; };
		CC9ABE892955DF4300EFF6C6 /* AppDelegate.swift in Sources */ = {isa = PBXBuildFile; fileRef = CC9ABE882955DF4300EFF6C6 /* AppDelegate.swift */; };
		CC9ABE8B2955DF4300EFF6C6 /* SceneDelegate.swift in Sources */ = {isa = PBXBuildFile; fileRef = CC9ABE8A2955DF4300EFF6C6 /* SceneDelegate.swift */; };
		CC9ABE8D2955DF4300EFF6C6 /* MainTabBarViewController.swift in Sources */ = {isa = PBXBuildFile; fileRef = CC9ABE8C2955DF4300EFF6C6 /* MainTabBarViewController.swift */; };
		CC9ABE922955DF4500EFF6C6 /* Assets.xcassets in Resources */ = {isa = PBXBuildFile; fileRef = CC9ABE912955DF4500EFF6C6 /* Assets.xcassets */; };
		CC9ABE952955DF4500EFF6C6 /* LaunchScreen.storyboard in Resources */ = {isa = PBXBuildFile; fileRef = CC9ABE932955DF4500EFF6C6 /* LaunchScreen.storyboard */; };
		CC9ABEA02955DF4500EFF6C6 /* My_appTests.swift in Sources */ = {isa = PBXBuildFile; fileRef = CC9ABE9F2955DF4500EFF6C6 /* My_appTests.swift */; };
		CC9ABEAA2955DF4500EFF6C6 /* My_appUITests.swift in Sources */ = {isa = PBXBuildFile; fileRef = CC9ABEA92955DF4500EFF6C6 /* My_appUITests.swift */; };
		CC9ABEAC2955DF4500EFF6C6 /* My_appUITestsLaunchTests.swift in Sources */ = {isa = PBXBuildFile; fileRef = CC9ABEAB2955DF4500EFF6C6 /* My_appUITestsLaunchTests.swift */; };
		CC9ABEBA2955E4C000EFF6C6 /* HomeViewController.swift in Sources */ = {isa = PBXBuildFile; fileRef = CC9ABEB92955E4C000EFF6C6 /* HomeViewController.swift */; };
		CC9ABEBC2955E57E00EFF6C6 /* ShoppingViewController.swift in Sources */ = {isa = PBXBuildFile; fileRef = CC9ABEBB2955E57E00EFF6C6 /* ShoppingViewController.swift */; };
		CC9ABEBE2955E5B300EFF6C6 /* PlannerViewController.swift in Sources */ = {isa = PBXBuildFile; fileRef = CC9ABEBD2955E5B300EFF6C6 /* PlannerViewController.swift */; };
		CC9ABEC02955F9CC00EFF6C6 /* SettingsViewController.swift in Sources */ = {isa = PBXBuildFile; fileRef = CC9ABEBF2955F9CC00EFF6C6 /* SettingsViewController.swift */; };
		CC9AE3512962014F00194318 /* RecipeViewController.swift in Sources */ = {isa = PBXBuildFile; fileRef = CC9AE3502962014F00194318 /* RecipeViewController.swift */; };
		CC9AE35329621AC200194318 /* RecipeHeaderView.swift in Sources */ = {isa = PBXBuildFile; fileRef = CC9AE35229621AC200194318 /* RecipeHeaderView.swift */; };
		CC9AE35529635C8900194318 /* RecipeInfoCell.swift in Sources */ = {isa = PBXBuildFile; fileRef = CC9AE35429635C8900194318 /* RecipeInfoCell.swift */; };
		CC9B7DF6296995DE006A67AA /* RecipeCollectionViewCell.swift in Sources */ = {isa = PBXBuildFile; fileRef = CC9B7DF5296995DE006A67AA /* RecipeCollectionViewCell.swift */; };
		CC9B7E742969E84A006A67AA /* DataModel.xcdatamodeld in Sources */ = {isa = PBXBuildFile; fileRef = CC9B7E722969E84A006A67AA /* DataModel.xcdatamodeld */; };
		CC9B91EC2956F8D600D0A4D2 /* CategoriesViewController.swift in Sources */ = {isa = PBXBuildFile; fileRef = CC9B91EB2956F8D600D0A4D2 /* CategoriesViewController.swift */; };
		CC9B91F02956F8FC00D0A4D2 /* FavoritesViewController.swift in Sources */ = {isa = PBXBuildFile; fileRef = CC9B91EF2956F8FC00D0A4D2 /* FavoritesViewController.swift */; };
		CC9B91F22956F90E00D0A4D2 /* RecentViewController.swift in Sources */ = {isa = PBXBuildFile; fileRef = CC9B91F12956F90E00D0A4D2 /* RecentViewController.swift */; };
		CC9B91F5295A245600D0A4D2 /* CollectionViewTableViewCell.swift in Sources */ = {isa = PBXBuildFile; fileRef = CC9B91F4295A245600D0A4D2 /* CollectionViewTableViewCell.swift */; };
		CC9B91F7295A48FB00D0A4D2 /* VideoPlayer.swift in Sources */ = {isa = PBXBuildFile; fileRef = CC9B91F6295A48FB00D0A4D2 /* VideoPlayer.swift */; };
		CC9B91FA295A4A4500D0A4D2 /* Extensions.swift in Sources */ = {isa = PBXBuildFile; fileRef = CC9B91F9295A4A4500D0A4D2 /* Extensions.swift */; };
		CC9E77E4296841E4003353A6 /* RecipeInfoViewModel.swift in Sources */ = {isa = PBXBuildFile; fileRef = CC9E77E3296841E4003353A6 /* RecipeInfoViewModel.swift */; };
		CC9E77E929689256003353A6 /* RecipeHeaderViewModel.swift in Sources */ = {isa = PBXBuildFile; fileRef = CC9E77E829689256003353A6 /* RecipeHeaderViewModel.swift */; };
		CCB95C8F2964BD2B00DB4857 /* IngredientCell.swift in Sources */ = {isa = PBXBuildFile; fileRef = CCB95C8E2964BD2B00DB4857 /* IngredientCell.swift */; };
		CCB95C912967250C00DB4857 /* CookingGuideCell.swift in Sources */ = {isa = PBXBuildFile; fileRef = CCB95C902967250C00DB4857 /* CookingGuideCell.swift */; };
		CCBA0956295B99E60064F772 /* HeaderView.swift in Sources */ = {isa = PBXBuildFile; fileRef = CCBA0955295B99E60064F772 /* HeaderView.swift */; };
		CCBA095A295BB3090064F772 /* video.mp4 in Resources */ = {isa = PBXBuildFile; fileRef = CCBA0959295BB3090064F772 /* video.mp4 */; };
		CCBD18A7296DEAAA006EF498 /* CalendarCell.swift in Sources */ = {isa = PBXBuildFile; fileRef = CCBD18A6296DEAAA006EF498 /* CalendarCell.swift */; };
		CCBE38B6296059FE00266022 /* Recipes.swift in Sources */ = {isa = PBXBuildFile; fileRef = CCBE38B5296059FE00266022 /* Recipes.swift */; };
		CCBF8167296E048600508664 /* CalendarHelper.swift in Sources */ = {isa = PBXBuildFile; fileRef = CCBF8166296E048600508664 /* CalendarHelper.swift */; };
		CCBF816E29703C3200508664 /* AddEventViewController.swift in Sources */ = {isa = PBXBuildFile; fileRef = CCBF816D29703C3200508664 /* AddEventViewController.swift */; };
		CCBF8172297058C500508664 /* NoteTableViewCell.swift in Sources */ = {isa = PBXBuildFile; fileRef = CCBF8171297058C500508664 /* NoteTableViewCell.swift */; };
		CCBF817B29717FAE00508664 /* NoteDataPersistenceManager.swift in Sources */ = {isa = PBXBuildFile; fileRef = CCBF817A29717FAE00508664 /* NoteDataPersistenceManager.swift */; };
		CCBF817E297181AB00508664 /* Note+CoreDataClass.swift in Sources */ = {isa = PBXBuildFile; fileRef = CCBF817C297181AB00508664 /* Note+CoreDataClass.swift */; };
		CCBF817F297181AB00508664 /* Note+CoreDataProperties.swift in Sources */ = {isa = PBXBuildFile; fileRef = CCBF817D297181AB00508664 /* Note+CoreDataProperties.swift */; };
/* End PBXBuildFile section */

/* Begin PBXContainerItemProxy section */
		CC9ABE9C2955DF4500EFF6C6 /* PBXContainerItemProxy */ = {
			isa = PBXContainerItemProxy;
			containerPortal = CC9ABE7D2955DF4300EFF6C6 /* Project object */;
			proxyType = 1;
			remoteGlobalIDString = CC9ABE842955DF4300EFF6C6;
			remoteInfo = "My app";
		};
		CC9ABEA62955DF4500EFF6C6 /* PBXContainerItemProxy */ = {
			isa = PBXContainerItemProxy;
			containerPortal = CC9ABE7D2955DF4300EFF6C6 /* Project object */;
			proxyType = 1;
			remoteGlobalIDString = CC9ABE842955DF4300EFF6C6;
			remoteInfo = "My app";
		};
/* End PBXContainerItemProxy section */

/* Begin PBXFileReference section */
		CC99D393296B25A100E116F6 /* Item+CoreDataClass.swift */ = {isa = PBXFileReference; lastKnownFileType = sourcecode.swift; path = "Item+CoreDataClass.swift"; sourceTree = "<group>"; };
		CC99D394296B25A100E116F6 /* Item+CoreDataProperties.swift */ = {isa = PBXFileReference; lastKnownFileType = sourcecode.swift; path = "Item+CoreDataProperties.swift"; sourceTree = "<group>"; };
		CC99D398296B3D9300E116F6 /* ItemDataPersistenceManager.swift */ = {isa = PBXFileReference; lastKnownFileType = sourcecode.swift; path = ItemDataPersistenceManager.swift; sourceTree = "<group>"; };
		CC99D39A296C634B00E116F6 /* ShoppingTableViewCell.swift */ = {isa = PBXFileReference; lastKnownFileType = sourcecode.swift; path = ShoppingTableViewCell.swift; sourceTree = "<group>"; };
		CC9ABE852955DF4300EFF6C6 /* My app.app */ = {isa = PBXFileReference; explicitFileType = wrapper.application; includeInIndex = 0; path = "My app.app"; sourceTree = BUILT_PRODUCTS_DIR; };
		CC9ABE882955DF4300EFF6C6 /* AppDelegate.swift */ = {isa = PBXFileReference; lastKnownFileType = sourcecode.swift; path = AppDelegate.swift; sourceTree = "<group>"; };
		CC9ABE8A2955DF4300EFF6C6 /* SceneDelegate.swift */ = {isa = PBXFileReference; lastKnownFileType = sourcecode.swift; path = SceneDelegate.swift; sourceTree = "<group>"; };
		CC9ABE8C2955DF4300EFF6C6 /* MainTabBarViewController.swift */ = {isa = PBXFileReference; lastKnownFileType = sourcecode.swift; path = MainTabBarViewController.swift; sourceTree = "<group>"; };
		CC9ABE912955DF4500EFF6C6 /* Assets.xcassets */ = {isa = PBXFileReference; lastKnownFileType = folder.assetcatalog; path = Assets.xcassets; sourceTree = "<group>"; };
		CC9ABE942955DF4500EFF6C6 /* Base */ = {isa = PBXFileReference; lastKnownFileType = file.storyboard; name = Base; path = Base.lproj/LaunchScreen.storyboard; sourceTree = "<group>"; };
		CC9ABE962955DF4500EFF6C6 /* Info.plist */ = {isa = PBXFileReference; lastKnownFileType = text.plist.xml; path = Info.plist; sourceTree = "<group>"; };
		CC9ABE9B2955DF4500EFF6C6 /* My appTests.xctest */ = {isa = PBXFileReference; explicitFileType = wrapper.cfbundle; includeInIndex = 0; path = "My appTests.xctest"; sourceTree = BUILT_PRODUCTS_DIR; };
		CC9ABE9F2955DF4500EFF6C6 /* My_appTests.swift */ = {isa = PBXFileReference; lastKnownFileType = sourcecode.swift; path = My_appTests.swift; sourceTree = "<group>"; };
		CC9ABEA52955DF4500EFF6C6 /* My appUITests.xctest */ = {isa = PBXFileReference; explicitFileType = wrapper.cfbundle; includeInIndex = 0; path = "My appUITests.xctest"; sourceTree = BUILT_PRODUCTS_DIR; };
		CC9ABEA92955DF4500EFF6C6 /* My_appUITests.swift */ = {isa = PBXFileReference; lastKnownFileType = sourcecode.swift; path = My_appUITests.swift; sourceTree = "<group>"; };
		CC9ABEAB2955DF4500EFF6C6 /* My_appUITestsLaunchTests.swift */ = {isa = PBXFileReference; lastKnownFileType = sourcecode.swift; path = My_appUITestsLaunchTests.swift; sourceTree = "<group>"; };
		CC9ABEB92955E4C000EFF6C6 /* HomeViewController.swift */ = {isa = PBXFileReference; lastKnownFileType = sourcecode.swift; path = HomeViewController.swift; sourceTree = "<group>"; };
		CC9ABEBB2955E57E00EFF6C6 /* ShoppingViewController.swift */ = {isa = PBXFileReference; lastKnownFileType = sourcecode.swift; path = ShoppingViewController.swift; sourceTree = "<group>"; };
		CC9ABEBD2955E5B300EFF6C6 /* PlannerViewController.swift */ = {isa = PBXFileReference; lastKnownFileType = sourcecode.swift; path = PlannerViewController.swift; sourceTree = "<group>"; };
		CC9ABEBF2955F9CC00EFF6C6 /* SettingsViewController.swift */ = {isa = PBXFileReference; lastKnownFileType = sourcecode.swift; path = SettingsViewController.swift; sourceTree = "<group>"; };
		CC9AE3502962014F00194318 /* RecipeViewController.swift */ = {isa = PBXFileReference; lastKnownFileType = sourcecode.swift; path = RecipeViewController.swift; sourceTree = "<group>"; };
		CC9AE35229621AC200194318 /* RecipeHeaderView.swift */ = {isa = PBXFileReference; lastKnownFileType = sourcecode.swift; path = RecipeHeaderView.swift; sourceTree = "<group>"; };
		CC9AE35429635C8900194318 /* RecipeInfoCell.swift */ = {isa = PBXFileReference; lastKnownFileType = sourcecode.swift; path = RecipeInfoCell.swift; sourceTree = "<group>"; };
		CC9B7DF5296995DE006A67AA /* RecipeCollectionViewCell.swift */ = {isa = PBXFileReference; lastKnownFileType = sourcecode.swift; path = RecipeCollectionViewCell.swift; sourceTree = "<group>"; };
		CC9B7E732969E84A006A67AA /* DataModel.xcdatamodel */ = {isa = PBXFileReference; lastKnownFileType = wrapper.xcdatamodel; path = DataModel.xcdatamodel; sourceTree = "<group>"; };
		CC9B91EB2956F8D600D0A4D2 /* CategoriesViewController.swift */ = {isa = PBXFileReference; lastKnownFileType = sourcecode.swift; path = CategoriesViewController.swift; sourceTree = "<group>"; };
		CC9B91EF2956F8FC00D0A4D2 /* FavoritesViewController.swift */ = {isa = PBXFileReference; lastKnownFileType = sourcecode.swift; path = FavoritesViewController.swift; sourceTree = "<group>"; };
		CC9B91F12956F90E00D0A4D2 /* RecentViewController.swift */ = {isa = PBXFileReference; lastKnownFileType = sourcecode.swift; path = RecentViewController.swift; sourceTree = "<group>"; };
		CC9B91F4295A245600D0A4D2 /* CollectionViewTableViewCell.swift */ = {isa = PBXFileReference; lastKnownFileType = sourcecode.swift; path = CollectionViewTableViewCell.swift; sourceTree = "<group>"; };
		CC9B91F6295A48FB00D0A4D2 /* VideoPlayer.swift */ = {isa = PBXFileReference; lastKnownFileType = sourcecode.swift; path = VideoPlayer.swift; sourceTree = "<group>"; };
		CC9B91F9295A4A4500D0A4D2 /* Extensions.swift */ = {isa = PBXFileReference; lastKnownFileType = sourcecode.swift; path = Extensions.swift; sourceTree = "<group>"; };
		CC9E77E3296841E4003353A6 /* RecipeInfoViewModel.swift */ = {isa = PBXFileReference; lastKnownFileType = sourcecode.swift; path = RecipeInfoViewModel.swift; sourceTree = "<group>"; };
		CC9E77E829689256003353A6 /* RecipeHeaderViewModel.swift */ = {isa = PBXFileReference; lastKnownFileType = sourcecode.swift; path = RecipeHeaderViewModel.swift; sourceTree = "<group>"; };
		CCB95C8E2964BD2B00DB4857 /* IngredientCell.swift */ = {isa = PBXFileReference; lastKnownFileType = sourcecode.swift; path = IngredientCell.swift; sourceTree = "<group>"; };
		CCB95C902967250C00DB4857 /* CookingGuideCell.swift */ = {isa = PBXFileReference; lastKnownFileType = sourcecode.swift; path = CookingGuideCell.swift; sourceTree = "<group>"; };
		CCBA0955295B99E60064F772 /* HeaderView.swift */ = {isa = PBXFileReference; lastKnownFileType = sourcecode.swift; path = HeaderView.swift; sourceTree = "<group>"; };
		CCBA0959295BB3090064F772 /* video.mp4 */ = {isa = PBXFileReference; lastKnownFileType = file; path = video.mp4; sourceTree = "<group>"; };
		CCBD18A6296DEAAA006EF498 /* CalendarCell.swift */ = {isa = PBXFileReference; lastKnownFileType = sourcecode.swift; path = CalendarCell.swift; sourceTree = "<group>"; };
		CCBE38B5296059FE00266022 /* Recipes.swift */ = {isa = PBXFileReference; lastKnownFileType = sourcecode.swift; path = Recipes.swift; sourceTree = "<group>"; };
		CCBF8166296E048600508664 /* CalendarHelper.swift */ = {isa = PBXFileReference; lastKnownFileType = sourcecode.swift; path = CalendarHelper.swift; sourceTree = "<group>"; };
		CCBF816D29703C3200508664 /* AddEventViewController.swift */ = {isa = PBXFileReference; lastKnownFileType = sourcecode.swift; path = AddEventViewController.swift; sourceTree = "<group>"; };
		CCBF8171297058C500508664 /* NoteTableViewCell.swift */ = {isa = PBXFileReference; lastKnownFileType = sourcecode.swift; path = NoteTableViewCell.swift; sourceTree = "<group>"; };
		CCBF817A29717FAE00508664 /* NoteDataPersistenceManager.swift */ = {isa = PBXFileReference; lastKnownFileType = sourcecode.swift; path = NoteDataPersistenceManager.swift; sourceTree = "<group>"; };
		CCBF817C297181AB00508664 /* Note+CoreDataClass.swift */ = {isa = PBXFileReference; lastKnownFileType = sourcecode.swift; path = "Note+CoreDataClass.swift"; sourceTree = "<group>"; };
		CCBF817D297181AB00508664 /* Note+CoreDataProperties.swift */ = {isa = PBXFileReference; lastKnownFileType = sourcecode.swift; path = "Note+CoreDataProperties.swift"; sourceTree = "<group>"; };
/* End PBXFileReference section */

/* Begin PBXFrameworksBuildPhase section */
		CC9ABE822955DF4300EFF6C6 /* Frameworks */ = {
			isa = PBXFrameworksBuildPhase;
			buildActionMask = 2147483647;
			files = (
			);
			runOnlyForDeploymentPostprocessing = 0;
		};
		CC9ABE982955DF4500EFF6C6 /* Frameworks */ = {
			isa = PBXFrameworksBuildPhase;
			buildActionMask = 2147483647;
			files = (
			);
			runOnlyForDeploymentPostprocessing = 0;
		};
		CC9ABEA22955DF4500EFF6C6 /* Frameworks */ = {
			isa = PBXFrameworksBuildPhase;
			buildActionMask = 2147483647;
			files = (
			);
			runOnlyForDeploymentPostprocessing = 0;
		};
/* End PBXFrameworksBuildPhase section */

/* Begin PBXGroup section */
		CC99D397296B25E200E116F6 /* TodoListItem */ = {
			isa = PBXGroup;
			children = (
				CC99D393296B25A100E116F6 /* Item+CoreDataClass.swift */,
				CC99D394296B25A100E116F6 /* Item+CoreDataProperties.swift */,
				CC99D398296B3D9300E116F6 /* ItemDataPersistenceManager.swift */,
			);
			path = TodoListItem;
			sourceTree = "<group>";
		};
		CC9ABE7C2955DF4300EFF6C6 = {
			isa = PBXGroup;
			children = (
				CC9ABE882955DF4300EFF6C6 /* AppDelegate.swift */,
				CC9ABE8A2955DF4300EFF6C6 /* SceneDelegate.swift */,
				CCBF817929717F6900508664 /* Note */,
				CC99D397296B25E200E116F6 /* TodoListItem */,
				CCBA095B295BD47A0064F772 /* Resources */,
				CC9ABE872955DF4300EFF6C6 /* My app */,
				CC9ABE9E2955DF4500EFF6C6 /* My appTests */,
				CC9ABEA82955DF4500EFF6C6 /* My appUITests */,
				CC9ABE862955DF4300EFF6C6 /* Products */,
			);
			sourceTree = "<group>";
		};
		CC9ABE862955DF4300EFF6C6 /* Products */ = {
			isa = PBXGroup;
			children = (
				CC9ABE852955DF4300EFF6C6 /* My app.app */,
				CC9ABE9B2955DF4500EFF6C6 /* My appTests.xctest */,
				CC9ABEA52955DF4500EFF6C6 /* My appUITests.xctest */,
			);
			name = Products;
			sourceTree = "<group>";
		};
		CC9ABE872955DF4300EFF6C6 /* My app */ = {
			isa = PBXGroup;
			children = (
				CC9E77E52968422E003353A6 /* ViewModels */,
				CCBA0954295B99530064F772 /* Models */,
				CC9B91F8295A4A2700D0A4D2 /* Extensions */,
				CC9B91F3295A23F000D0A4D2 /* Views */,
				CCBF81682970285800508664 /* Controllers */,
				CC9ABE912955DF4500EFF6C6 /* Assets.xcassets */,
				CC9ABE932955DF4500EFF6C6 /* LaunchScreen.storyboard */,
				CC9ABE962955DF4500EFF6C6 /* Info.plist */,
				CC9B7E722969E84A006A67AA /* DataModel.xcdatamodeld */,
			);
			path = "My app";
			sourceTree = "<group>";
		};
		CC9ABE9E2955DF4500EFF6C6 /* My appTests */ = {
			isa = PBXGroup;
			children = (
				CC9ABE9F2955DF4500EFF6C6 /* My_appTests.swift */,
			);
			path = "My appTests";
			sourceTree = "<group>";
		};
		CC9ABEA82955DF4500EFF6C6 /* My appUITests */ = {
			isa = PBXGroup;
			children = (
				CC9ABEA92955DF4500EFF6C6 /* My_appUITests.swift */,
				CC9ABEAB2955DF4500EFF6C6 /* My_appUITestsLaunchTests.swift */,
			);
			path = "My appUITests";
			sourceTree = "<group>";
		};
		CC9ABEB82955E48C00EFF6C6 /* Core */ = {
			isa = PBXGroup;
			children = (
				CC9ABE8C2955DF4300EFF6C6 /* MainTabBarViewController.swift */,
				CC9ABEB92955E4C000EFF6C6 /* HomeViewController.swift */,
				CC9ABEBB2955E57E00EFF6C6 /* ShoppingViewController.swift */,
				CC9ABEBD2955E5B300EFF6C6 /* PlannerViewController.swift */,
				CC9ABEBF2955F9CC00EFF6C6 /* SettingsViewController.swift */,
				CC9B91EA2956F89400D0A4D2 /* general */,
			);
			path = Core;
			sourceTree = "<group>";
		};
		CC9AE35629635CA300194318 /* RecipeViews */ = {
			isa = PBXGroup;
			children = (
				CC9AE35229621AC200194318 /* RecipeHeaderView.swift */,
				CC9AE35429635C8900194318 /* RecipeInfoCell.swift */,
				CCB95C8E2964BD2B00DB4857 /* IngredientCell.swift */,
				CCB95C902967250C00DB4857 /* CookingGuideCell.swift */,
			);
			path = RecipeViews;
			sourceTree = "<group>";
		};
		CC9B91EA2956F89400D0A4D2 /* general */ = {
			isa = PBXGroup;
			children = (
				CC9B91EB2956F8D600D0A4D2 /* CategoriesViewController.swift */,
				CC9B91EF2956F8FC00D0A4D2 /* FavoritesViewController.swift */,
				CC9B91F12956F90E00D0A4D2 /* RecentViewController.swift */,
				CC9AE3502962014F00194318 /* RecipeViewController.swift */,
				CCBF816D29703C3200508664 /* AddEventViewController.swift */,
			);
			path = general;
			sourceTree = "<group>";
		};
		CC9B91F3295A23F000D0A4D2 /* Views */ = {
			isa = PBXGroup;
			children = (
				CC9B91F4295A245600D0A4D2 /* CollectionViewTableViewCell.swift */,
				CCBA0955295B99E60064F772 /* HeaderView.swift */,
				CC9B7DF5296995DE006A67AA /* RecipeCollectionViewCell.swift */,
				CC99D39A296C634B00E116F6 /* ShoppingTableViewCell.swift */,
				CCBD18A6296DEAAA006EF498 /* CalendarCell.swift */,
				CC9AE35629635CA300194318 /* RecipeViews */,
				CCBF8171297058C500508664 /* NoteTableViewCell.swift */,
			);
			path = Views;
			sourceTree = "<group>";
		};
		CC9B91F8295A4A2700D0A4D2 /* Extensions */ = {
			isa = PBXGroup;
			children = (
				CC9B91F9295A4A4500D0A4D2 /* Extensions.swift */,
			);
			path = Extensions;
			sourceTree = "<group>";
		};
		CC9E77E52968422E003353A6 /* ViewModels */ = {
			isa = PBXGroup;
			children = (
				CC9E77E3296841E4003353A6 /* RecipeInfoViewModel.swift */,
				CC9E77E829689256003353A6 /* RecipeHeaderViewModel.swift */,
			);
			path = ViewModels;
			sourceTree = "<group>";
		};
		CCBA0954295B99530064F772 /* Models */ = {
			isa = PBXGroup;
			children = (
				CC9B91F6295A48FB00D0A4D2 /* VideoPlayer.swift */,
				CCBF8166296E048600508664 /* CalendarHelper.swift */,
			);
			path = Models;
			sourceTree = "<group>";
		};
		CCBA095B295BD47A0064F772 /* Resources */ = {
			isa = PBXGroup;
			children = (
				CCBA0959295BB3090064F772 /* video.mp4 */,
				CCBE38B5296059FE00266022 /* Recipes.swift */,
			);
			path = Resources;
			sourceTree = "<group>";
		};
		CCBF81682970285800508664 /* Controllers */ = {
			isa = PBXGroup;
			children = (
				CC9ABEB82955E48C00EFF6C6 /* Core */,
			);
			path = Controllers;
			sourceTree = "<group>";
		};
		CCBF817929717F6900508664 /* Note */ = {
			isa = PBXGroup;
			children = (
				CCBF817C297181AB00508664 /* Note+CoreDataClass.swift */,
				CCBF817D297181AB00508664 /* Note+CoreDataProperties.swift */,
				CCBF817A29717FAE00508664 /* NoteDataPersistenceManager.swift */,
			);
			path = Note;
			sourceTree = "<group>";
		};
/* End PBXGroup section */

/* Begin PBXNativeTarget section */
		CC9ABE842955DF4300EFF6C6 /* My app */ = {
			isa = PBXNativeTarget;
			buildConfigurationList = CC9ABEAF2955DF4500EFF6C6 /* Build configuration list for PBXNativeTarget "My app" */;
			buildPhases = (
				CC9ABE812955DF4300EFF6C6 /* Sources */,
				CC9ABE822955DF4300EFF6C6 /* Frameworks */,
				CC9ABE832955DF4300EFF6C6 /* Resources */,
			);
			buildRules = (
			);
			dependencies = (
			);
			name = "My app";
			productName = "My app";
			productReference = CC9ABE852955DF4300EFF6C6 /* My app.app */;
			productType = "com.apple.product-type.application";
		};
		CC9ABE9A2955DF4500EFF6C6 /* My appTests */ = {
			isa = PBXNativeTarget;
			buildConfigurationList = CC9ABEB22955DF4500EFF6C6 /* Build configuration list for PBXNativeTarget "My appTests" */;
			buildPhases = (
				CC9ABE972955DF4500EFF6C6 /* Sources */,
				CC9ABE982955DF4500EFF6C6 /* Frameworks */,
				CC9ABE992955DF4500EFF6C6 /* Resources */,
			);
			buildRules = (
			);
			dependencies = (
				CC9ABE9D2955DF4500EFF6C6 /* PBXTargetDependency */,
			);
			name = "My appTests";
			productName = "My appTests";
			productReference = CC9ABE9B2955DF4500EFF6C6 /* My appTests.xctest */;
			productType = "com.apple.product-type.bundle.unit-test";
		};
		CC9ABEA42955DF4500EFF6C6 /* My appUITests */ = {
			isa = PBXNativeTarget;
			buildConfigurationList = CC9ABEB52955DF4500EFF6C6 /* Build configuration list for PBXNativeTarget "My appUITests" */;
			buildPhases = (
				CC9ABEA12955DF4500EFF6C6 /* Sources */,
				CC9ABEA22955DF4500EFF6C6 /* Frameworks */,
				CC9ABEA32955DF4500EFF6C6 /* Resources */,
			);
			buildRules = (
			);
			dependencies = (
				CC9ABEA72955DF4500EFF6C6 /* PBXTargetDependency */,
			);
			name = "My appUITests";
			productName = "My appUITests";
			productReference = CC9ABEA52955DF4500EFF6C6 /* My appUITests.xctest */;
			productType = "com.apple.product-type.bundle.ui-testing";
		};
/* End PBXNativeTarget section */

/* Begin PBXProject section */
		CC9ABE7D2955DF4300EFF6C6 /* Project object */ = {
			isa = PBXProject;
			attributes = {
				BuildIndependentTargetsInParallel = 1;
				LastSwiftUpdateCheck = 1420;
				LastUpgradeCheck = 1420;
				TargetAttributes = {
					CC9ABE842955DF4300EFF6C6 = {
						CreatedOnToolsVersion = 14.2;
					};
					CC9ABE9A2955DF4500EFF6C6 = {
						CreatedOnToolsVersion = 14.2;
						TestTargetID = CC9ABE842955DF4300EFF6C6;
					};
					CC9ABEA42955DF4500EFF6C6 = {
						CreatedOnToolsVersion = 14.2;
						TestTargetID = CC9ABE842955DF4300EFF6C6;
					};
				};
			};
			buildConfigurationList = CC9ABE802955DF4300EFF6C6 /* Build configuration list for PBXProject "My app" */;
			compatibilityVersion = "Xcode 14.0";
			developmentRegion = en;
			hasScannedForEncodings = 0;
			knownRegions = (
				en,
				Base,
			);
			mainGroup = CC9ABE7C2955DF4300EFF6C6;
			productRefGroup = CC9ABE862955DF4300EFF6C6 /* Products */;
			projectDirPath = "";
			projectRoot = "";
			targets = (
				CC9ABE842955DF4300EFF6C6 /* My app */,
				CC9ABE9A2955DF4500EFF6C6 /* My appTests */,
				CC9ABEA42955DF4500EFF6C6 /* My appUITests */,
			);
		};
/* End PBXProject section */

/* Begin PBXResourcesBuildPhase section */
		CC9ABE832955DF4300EFF6C6 /* Resources */ = {
			isa = PBXResourcesBuildPhase;
			buildActionMask = 2147483647;
			files = (
				CCBA095A295BB3090064F772 /* video.mp4 in Resources */,
				CC9ABE952955DF4500EFF6C6 /* LaunchScreen.storyboard in Resources */,
				CC9ABE922955DF4500EFF6C6 /* Assets.xcassets in Resources */,
			);
			runOnlyForDeploymentPostprocessing = 0;
		};
		CC9ABE992955DF4500EFF6C6 /* Resources */ = {
			isa = PBXResourcesBuildPhase;
			buildActionMask = 2147483647;
			files = (
			);
			runOnlyForDeploymentPostprocessing = 0;
		};
		CC9ABEA32955DF4500EFF6C6 /* Resources */ = {
			isa = PBXResourcesBuildPhase;
			buildActionMask = 2147483647;
			files = (
			);
			runOnlyForDeploymentPostprocessing = 0;
		};
/* End PBXResourcesBuildPhase section */

/* Begin PBXSourcesBuildPhase section */
		CC9ABE812955DF4300EFF6C6 /* Sources */ = {
			isa = PBXSourcesBuildPhase;
			buildActionMask = 2147483647;
			files = (
				CC9AE35529635C8900194318 /* RecipeInfoCell.swift in Sources */,
				CCBF816E29703C3200508664 /* AddEventViewController.swift in Sources */,
				CCB95C912967250C00DB4857 /* CookingGuideCell.swift in Sources */,
				CC9ABE8D2955DF4300EFF6C6 /* MainTabBarViewController.swift in Sources */,
				CC9B91EC2956F8D600D0A4D2 /* CategoriesViewController.swift in Sources */,
				CCBF817B29717FAE00508664 /* NoteDataPersistenceManager.swift in Sources */,
				CC9B91F22956F90E00D0A4D2 /* RecentViewController.swift in Sources */,
				CC99D39B296C634B00E116F6 /* ShoppingTableViewCell.swift in Sources */,
				CCBF817F297181AB00508664 /* Note+CoreDataProperties.swift in Sources */,
				CCBD18A7296DEAAA006EF498 /* CalendarCell.swift in Sources */,
				CC9AE35329621AC200194318 /* RecipeHeaderView.swift in Sources */,
				CC9B91F5295A245600D0A4D2 /* CollectionViewTableViewCell.swift in Sources */,
				CC9ABE892955DF4300EFF6C6 /* AppDelegate.swift in Sources */,
				CC9E77E929689256003353A6 /* RecipeHeaderViewModel.swift in Sources */,
				CC9B7E742969E84A006A67AA /* DataModel.xcdatamodeld in Sources */,
				CC9ABEC02955F9CC00EFF6C6 /* SettingsViewController.swift in Sources */,
				CC9ABE8B2955DF4300EFF6C6 /* SceneDelegate.swift in Sources */,
				CC9B91F7295A48FB00D0A4D2 /* VideoPlayer.swift in Sources */,
				CC9B91FA295A4A4500D0A4D2 /* Extensions.swift in Sources */,
				CC9E77E4296841E4003353A6 /* RecipeInfoViewModel.swift in Sources */,
				CCB95C8F2964BD2B00DB4857 /* IngredientCell.swift in Sources */,
				CCBA0956295B99E60064F772 /* HeaderView.swift in Sources */,
				CCBE38B6296059FE00266022 /* Recipes.swift in Sources */,
				CC99D399296B3D9300E116F6 /* ItemDataPersistenceManager.swift in Sources */,
				CC99D396296B25A100E116F6 /* Item+CoreDataProperties.swift in Sources */,
				CC9B7DF6296995DE006A67AA /* RecipeCollectionViewCell.swift in Sources */,
				CC9ABEBE2955E5B300EFF6C6 /* PlannerViewController.swift in Sources */,
				CC99D395296B25A100E116F6 /* Item+CoreDataClass.swift in Sources */,
				CCBF8172297058C500508664 /* NoteTableViewCell.swift in Sources */,
				CCBF8167296E048600508664 /* CalendarHelper.swift in Sources */,
				CC9AE3512962014F00194318 /* RecipeViewController.swift in Sources */,
				CC9ABEBA2955E4C000EFF6C6 /* HomeViewController.swift in Sources */,
				CCBF817E297181AB00508664 /* Note+CoreDataClass.swift in Sources */,
				CC9B91F02956F8FC00D0A4D2 /* FavoritesViewController.swift in Sources */,
				CC9ABEBC2955E57E00EFF6C6 /* ShoppingViewController.swift in Sources */,
			);
			runOnlyForDeploymentPostprocessing = 0;
		};
		CC9ABE972955DF4500EFF6C6 /* Sources */ = {
			isa = PBXSourcesBuildPhase;
			buildActionMask = 2147483647;
			files = (
				CC9ABEA02955DF4500EFF6C6 /* My_appTests.swift in Sources */,
			);
			runOnlyForDeploymentPostprocessing = 0;
		};
		CC9ABEA12955DF4500EFF6C6 /* Sources */ = {
			isa = PBXSourcesBuildPhase;
			buildActionMask = 2147483647;
			files = (
				CC9ABEAC2955DF4500EFF6C6 /* My_appUITestsLaunchTests.swift in Sources */,
				CC9ABEAA2955DF4500EFF6C6 /* My_appUITests.swift in Sources */,
			);
			runOnlyForDeploymentPostprocessing = 0;
		};
/* End PBXSourcesBuildPhase section */

/* Begin PBXTargetDependency section */
		CC9ABE9D2955DF4500EFF6C6 /* PBXTargetDependency */ = {
			isa = PBXTargetDependency;
			target = CC9ABE842955DF4300EFF6C6 /* My app */;
			targetProxy = CC9ABE9C2955DF4500EFF6C6 /* PBXContainerItemProxy */;
		};
		CC9ABEA72955DF4500EFF6C6 /* PBXTargetDependency */ = {
			isa = PBXTargetDependency;
			target = CC9ABE842955DF4300EFF6C6 /* My app */;
			targetProxy = CC9ABEA62955DF4500EFF6C6 /* PBXContainerItemProxy */;
		};
/* End PBXTargetDependency section */

/* Begin PBXVariantGroup section */
		CC9ABE932955DF4500EFF6C6 /* LaunchScreen.storyboard */ = {
			isa = PBXVariantGroup;
			children = (
				CC9ABE942955DF4500EFF6C6 /* Base */,
			);
			name = LaunchScreen.storyboard;
			sourceTree = "<group>";
		};
/* End PBXVariantGroup section */

/* Begin XCBuildConfiguration section */
		CC9ABEAD2955DF4500EFF6C6 /* Debug */ = {
			isa = XCBuildConfiguration;
			buildSettings = {
				ALWAYS_SEARCH_USER_PATHS = NO;
				CLANG_ANALYZER_NONNULL = YES;
				CLANG_ANALYZER_NUMBER_OBJECT_CONVERSION = YES_AGGRESSIVE;
				CLANG_CXX_LANGUAGE_STANDARD = "gnu++20";
				CLANG_ENABLE_MODULES = YES;
				CLANG_ENABLE_OBJC_ARC = YES;
				CLANG_ENABLE_OBJC_WEAK = YES;
				CLANG_WARN_BLOCK_CAPTURE_AUTORELEASING = YES;
				CLANG_WARN_BOOL_CONVERSION = YES;
				CLANG_WARN_COMMA = YES;
				CLANG_WARN_CONSTANT_CONVERSION = YES;
				CLANG_WARN_DEPRECATED_OBJC_IMPLEMENTATIONS = YES;
				CLANG_WARN_DIRECT_OBJC_ISA_USAGE = YES_ERROR;
				CLANG_WARN_DOCUMENTATION_COMMENTS = YES;
				CLANG_WARN_EMPTY_BODY = YES;
				CLANG_WARN_ENUM_CONVERSION = YES;
				CLANG_WARN_INFINITE_RECURSION = YES;
				CLANG_WARN_INT_CONVERSION = YES;
				CLANG_WARN_NON_LITERAL_NULL_CONVERSION = YES;
				CLANG_WARN_OBJC_IMPLICIT_RETAIN_SELF = YES;
				CLANG_WARN_OBJC_LITERAL_CONVERSION = YES;
				CLANG_WARN_OBJC_ROOT_CLASS = YES_ERROR;
				CLANG_WARN_QUOTED_INCLUDE_IN_FRAMEWORK_HEADER = YES;
				CLANG_WARN_RANGE_LOOP_ANALYSIS = YES;
				CLANG_WARN_STRICT_PROTOTYPES = YES;
				CLANG_WARN_SUSPICIOUS_MOVE = YES;
				CLANG_WARN_UNGUARDED_AVAILABILITY = YES_AGGRESSIVE;
				CLANG_WARN_UNREACHABLE_CODE = YES;
				CLANG_WARN__DUPLICATE_METHOD_MATCH = YES;
				COPY_PHASE_STRIP = NO;
				DEBUG_INFORMATION_FORMAT = dwarf;
				ENABLE_STRICT_OBJC_MSGSEND = YES;
				ENABLE_TESTABILITY = YES;
				GCC_C_LANGUAGE_STANDARD = gnu11;
				GCC_DYNAMIC_NO_PIC = NO;
				GCC_NO_COMMON_BLOCKS = YES;
				GCC_OPTIMIZATION_LEVEL = 0;
				GCC_PREPROCESSOR_DEFINITIONS = (
					"DEBUG=1",
					"$(inherited)",
				);
				GCC_WARN_64_TO_32_BIT_CONVERSION = YES;
				GCC_WARN_ABOUT_RETURN_TYPE = YES_ERROR;
				GCC_WARN_UNDECLARED_SELECTOR = YES;
				GCC_WARN_UNINITIALIZED_AUTOS = YES_AGGRESSIVE;
				GCC_WARN_UNUSED_FUNCTION = YES;
				GCC_WARN_UNUSED_VARIABLE = YES;
				IPHONEOS_DEPLOYMENT_TARGET = 16.0;
				MTL_ENABLE_DEBUG_INFO = INCLUDE_SOURCE;
				MTL_FAST_MATH = YES;
				ONLY_ACTIVE_ARCH = YES;
				SDKROOT = iphoneos;
				SWIFT_ACTIVE_COMPILATION_CONDITIONS = DEBUG;
				SWIFT_OPTIMIZATION_LEVEL = "-Onone";
			};
			name = Debug;
		};
		CC9ABEAE2955DF4500EFF6C6 /* Release */ = {
			isa = XCBuildConfiguration;
			buildSettings = {
				ALWAYS_SEARCH_USER_PATHS = NO;
				CLANG_ANALYZER_NONNULL = YES;
				CLANG_ANALYZER_NUMBER_OBJECT_CONVERSION = YES_AGGRESSIVE;
				CLANG_CXX_LANGUAGE_STANDARD = "gnu++20";
				CLANG_ENABLE_MODULES = YES;
				CLANG_ENABLE_OBJC_ARC = YES;
				CLANG_ENABLE_OBJC_WEAK = YES;
				CLANG_WARN_BLOCK_CAPTURE_AUTORELEASING = YES;
				CLANG_WARN_BOOL_CONVERSION = YES;
				CLANG_WARN_COMMA = YES;
				CLANG_WARN_CONSTANT_CONVERSION = YES;
				CLANG_WARN_DEPRECATED_OBJC_IMPLEMENTATIONS = YES;
				CLANG_WARN_DIRECT_OBJC_ISA_USAGE = YES_ERROR;
				CLANG_WARN_DOCUMENTATION_COMMENTS = YES;
				CLANG_WARN_EMPTY_BODY = YES;
				CLANG_WARN_ENUM_CONVERSION = YES;
				CLANG_WARN_INFINITE_RECURSION = YES;
				CLANG_WARN_INT_CONVERSION = YES;
				CLANG_WARN_NON_LITERAL_NULL_CONVERSION = YES;
				CLANG_WARN_OBJC_IMPLICIT_RETAIN_SELF = YES;
				CLANG_WARN_OBJC_LITERAL_CONVERSION = YES;
				CLANG_WARN_OBJC_ROOT_CLASS = YES_ERROR;
				CLANG_WARN_QUOTED_INCLUDE_IN_FRAMEWORK_HEADER = YES;
				CLANG_WARN_RANGE_LOOP_ANALYSIS = YES;
				CLANG_WARN_STRICT_PROTOTYPES = YES;
				CLANG_WARN_SUSPICIOUS_MOVE = YES;
				CLANG_WARN_UNGUARDED_AVAILABILITY = YES_AGGRESSIVE;
				CLANG_WARN_UNREACHABLE_CODE = YES;
				CLANG_WARN__DUPLICATE_METHOD_MATCH = YES;
				COPY_PHASE_STRIP = NO;
				DEBUG_INFORMATION_FORMAT = "dwarf-with-dsym";
				ENABLE_NS_ASSERTIONS = NO;
				ENABLE_STRICT_OBJC_MSGSEND = YES;
				GCC_C_LANGUAGE_STANDARD = gnu11;
				GCC_NO_COMMON_BLOCKS = YES;
				GCC_WARN_64_TO_32_BIT_CONVERSION = YES;
				GCC_WARN_ABOUT_RETURN_TYPE = YES_ERROR;
				GCC_WARN_UNDECLARED_SELECTOR = YES;
				GCC_WARN_UNINITIALIZED_AUTOS = YES_AGGRESSIVE;
				GCC_WARN_UNUSED_FUNCTION = YES;
				GCC_WARN_UNUSED_VARIABLE = YES;
				IPHONEOS_DEPLOYMENT_TARGET = 16.0;
				MTL_ENABLE_DEBUG_INFO = NO;
				MTL_FAST_MATH = YES;
				SDKROOT = iphoneos;
				SWIFT_COMPILATION_MODE = wholemodule;
				SWIFT_OPTIMIZATION_LEVEL = "-O";
				VALIDATE_PRODUCT = YES;
			};
			name = Release;
		};
		CC9ABEB02955DF4500EFF6C6 /* Debug */ = {
			isa = XCBuildConfiguration;
			buildSettings = {
				ASSETCATALOG_COMPILER_APPICON_NAME = AppIcon;
				ASSETCATALOG_COMPILER_GLOBAL_ACCENT_COLOR_NAME = AccentColor;
				CODE_SIGN_STYLE = Automatic;
				CURRENT_PROJECT_VERSION = 1;
				DEVELOPMENT_TEAM = 3BCLANGRR7;
				GENERATE_INFOPLIST_FILE = YES;
				INFOPLIST_FILE = "My app/Info.plist";
				INFOPLIST_KEY_UIApplicationSupportsIndirectInputEvents = YES;
				INFOPLIST_KEY_UILaunchStoryboardName = LaunchScreen;
				INFOPLIST_KEY_UISupportedInterfaceOrientations_iPad = "UIInterfaceOrientationPortrait UIInterfaceOrientationPortraitUpsideDown UIInterfaceOrientationLandscapeLeft UIInterfaceOrientationLandscapeRight";
				INFOPLIST_KEY_UISupportedInterfaceOrientations_iPhone = "UIInterfaceOrientationPortrait UIInterfaceOrientationLandscapeLeft UIInterfaceOrientationLandscapeRight";
				IPHONEOS_DEPLOYMENT_TARGET = 15.0;
				LD_RUNPATH_SEARCH_PATHS = (
					"$(inherited)",
					"@executable_path/Frameworks",
				);
				MARKETING_VERSION = 1.0;
				PRODUCT_BUNDLE_IDENTIFIER = "com.ohunmamajon.My-app";
				PRODUCT_NAME = "$(TARGET_NAME)";
				SWIFT_EMIT_LOC_STRINGS = YES;
				SWIFT_VERSION = 5.0;
				TARGETED_DEVICE_FAMILY = "1,2";
			};
			name = Debug;
		};
		CC9ABEB12955DF4500EFF6C6 /* Release */ = {
			isa = XCBuildConfiguration;
			buildSettings = {
				ASSETCATALOG_COMPILER_APPICON_NAME = AppIcon;
				ASSETCATALOG_COMPILER_GLOBAL_ACCENT_COLOR_NAME = AccentColor;
				CODE_SIGN_STYLE = Automatic;
				CURRENT_PROJECT_VERSION = 1;
				DEVELOPMENT_TEAM = 3BCLANGRR7;
				GENERATE_INFOPLIST_FILE = YES;
				INFOPLIST_FILE = "My app/Info.plist";
				INFOPLIST_KEY_UIApplicationSupportsIndirectInputEvents = YES;
				INFOPLIST_KEY_UILaunchStoryboardName = LaunchScreen;
				INFOPLIST_KEY_UISupportedInterfaceOrientations_iPad = "UIInterfaceOrientationPortrait UIInterfaceOrientationPortraitUpsideDown UIInterfaceOrientationLandscapeLeft UIInterfaceOrientationLandscapeRight";
				INFOPLIST_KEY_UISupportedInterfaceOrientations_iPhone = "UIInterfaceOrientationPortrait UIInterfaceOrientationLandscapeLeft UIInterfaceOrientationLandscapeRight";
				IPHONEOS_DEPLOYMENT_TARGET = 15.0;
				LD_RUNPATH_SEARCH_PATHS = (
					"$(inherited)",
					"@executable_path/Frameworks",
				);
				MARKETING_VERSION = 1.0;
				PRODUCT_BUNDLE_IDENTIFIER = "com.ohunmamajon.My-app";
				PRODUCT_NAME = "$(TARGET_NAME)";
				SWIFT_EMIT_LOC_STRINGS = YES;
				SWIFT_VERSION = 5.0;
				TARGETED_DEVICE_FAMILY = "1,2";
			};
			name = Release;
		};
		CC9ABEB32955DF4500EFF6C6 /* Debug */ = {
			isa = XCBuildConfiguration;
			buildSettings = {
				ALWAYS_EMBED_SWIFT_STANDARD_LIBRARIES = YES;
				BUNDLE_LOADER = "$(TEST_HOST)";
				CODE_SIGN_STYLE = Automatic;
				CURRENT_PROJECT_VERSION = 1;
				DEVELOPMENT_TEAM = 3BCLANGRR7;
				GENERATE_INFOPLIST_FILE = YES;
				IPHONEOS_DEPLOYMENT_TARGET = 16.2;
				MARKETING_VERSION = 1.0;
				PRODUCT_BUNDLE_IDENTIFIER = "com.ohunmamajon.My-appTests";
				PRODUCT_NAME = "$(TARGET_NAME)";
				SWIFT_EMIT_LOC_STRINGS = NO;
				SWIFT_VERSION = 5.0;
				TARGETED_DEVICE_FAMILY = "1,2";
				TEST_HOST = "$(BUILT_PRODUCTS_DIR)/My app.app/$(BUNDLE_EXECUTABLE_FOLDER_PATH)/My app";
			};
			name = Debug;
		};
		CC9ABEB42955DF4500EFF6C6 /* Release */ = {
			isa = XCBuildConfiguration;
			buildSettings = {
				ALWAYS_EMBED_SWIFT_STANDARD_LIBRARIES = YES;
				BUNDLE_LOADER = "$(TEST_HOST)";
				CODE_SIGN_STYLE = Automatic;
				CURRENT_PROJECT_VERSION = 1;
				DEVELOPMENT_TEAM = 3BCLANGRR7;
				GENERATE_INFOPLIST_FILE = YES;
				IPHONEOS_DEPLOYMENT_TARGET = 16.2;
				MARKETING_VERSION = 1.0;
				PRODUCT_BUNDLE_IDENTIFIER = "com.ohunmamajon.My-appTests";
				PRODUCT_NAME = "$(TARGET_NAME)";
				SWIFT_EMIT_LOC_STRINGS = NO;
				SWIFT_VERSION = 5.0;
				TARGETED_DEVICE_FAMILY = "1,2";
				TEST_HOST = "$(BUILT_PRODUCTS_DIR)/My app.app/$(BUNDLE_EXECUTABLE_FOLDER_PATH)/My app";
			};
			name = Release;
		};
		CC9ABEB62955DF4500EFF6C6 /* Debug */ = {
			isa = XCBuildConfiguration;
			buildSettings = {
				ALWAYS_EMBED_SWIFT_STANDARD_LIBRARIES = YES;
				CODE_SIGN_STYLE = Automatic;
				CURRENT_PROJECT_VERSION = 1;
				DEVELOPMENT_TEAM = 3BCLANGRR7;
				GENERATE_INFOPLIST_FILE = YES;
				MARKETING_VERSION = 1.0;
				PRODUCT_BUNDLE_IDENTIFIER = "com.ohunmamajon.My-appUITests";
				PRODUCT_NAME = "$(TARGET_NAME)";
				SWIFT_EMIT_LOC_STRINGS = NO;
				SWIFT_VERSION = 5.0;
				TARGETED_DEVICE_FAMILY = "1,2";
				TEST_TARGET_NAME = "My app";
			};
			name = Debug;
		};
		CC9ABEB72955DF4500EFF6C6 /* Release */ = {
			isa = XCBuildConfiguration;
			buildSettings = {
				ALWAYS_EMBED_SWIFT_STANDARD_LIBRARIES = YES;
				CODE_SIGN_STYLE = Automatic;
				CURRENT_PROJECT_VERSION = 1;
				DEVELOPMENT_TEAM = 3BCLANGRR7;
				GENERATE_INFOPLIST_FILE = YES;
				MARKETING_VERSION = 1.0;
				PRODUCT_BUNDLE_IDENTIFIER = "com.ohunmamajon.My-appUITests";
				PRODUCT_NAME = "$(TARGET_NAME)";
				SWIFT_EMIT_LOC_STRINGS = NO;
				SWIFT_VERSION = 5.0;
				TARGETED_DEVICE_FAMILY = "1,2";
				TEST_TARGET_NAME = "My app";
			};
			name = Release;
		};
/* End XCBuildConfiguration section */

/* Begin XCConfigurationList section */
		CC9ABE802955DF4300EFF6C6 /* Build configuration list for PBXProject "My app" */ = {
			isa = XCConfigurationList;
			buildConfigurations = (
				CC9ABEAD2955DF4500EFF6C6 /* Debug */,
				CC9ABEAE2955DF4500EFF6C6 /* Release */,
			);
			defaultConfigurationIsVisible = 0;
			defaultConfigurationName = Release;
		};
		CC9ABEAF2955DF4500EFF6C6 /* Build configuration list for PBXNativeTarget "My app" */ = {
			isa = XCConfigurationList;
			buildConfigurations = (
				CC9ABEB02955DF4500EFF6C6 /* Debug */,
				CC9ABEB12955DF4500EFF6C6 /* Release */,
			);
			defaultConfigurationIsVisible = 0;
			defaultConfigurationName = Release;
		};
		CC9ABEB22955DF4500EFF6C6 /* Build configuration list for PBXNativeTarget "My appTests" */ = {
			isa = XCConfigurationList;
			buildConfigurations = (
				CC9ABEB32955DF4500EFF6C6 /* Debug */,
				CC9ABEB42955DF4500EFF6C6 /* Release */,
			);
			defaultConfigurationIsVisible = 0;
			defaultConfigurationName = Release;
		};
		CC9ABEB52955DF4500EFF6C6 /* Build configuration list for PBXNativeTarget "My appUITests" */ = {
			isa = XCConfigurationList;
			buildConfigurations = (
				CC9ABEB62955DF4500EFF6C6 /* Debug */,
				CC9ABEB72955DF4500EFF6C6 /* Release */,
			);
			defaultConfigurationIsVisible = 0;
			defaultConfigurationName = Release;
		};
/* End XCConfigurationList section */

/* Begin XCVersionGroup section */
		CC9B7E722969E84A006A67AA /* DataModel.xcdatamodeld */ = {
			isa = XCVersionGroup;
			children = (
				CC9B7E732969E84A006A67AA /* DataModel.xcdatamodel */,
			);
			currentVersion = CC9B7E732969E84A006A67AA /* DataModel.xcdatamodel */;
			path = DataModel.xcdatamodeld;
			sourceTree = "<group>";
			versionGroupType = wrapper.xcdatamodel;
		};
/* End XCVersionGroup section */
	};
	rootObject = CC9ABE7D2955DF4300EFF6C6 /* Project object */;
}
